schema: '2.0'
stages:
  data_ingestion:
    cmd: python src/cnnClassifier/pipeline/stage_01_data_ingestion.py
    deps:
    - path: config/config.yaml
      hash: md5
      md5: c5006b6b4bca3cdee7cefa58e6733a6f
      size: 806
    - path: src/cnnClassifier/pipeline/stage_01_data_ingestion.py
      hash: md5
      md5: b6c9c0393ffa7954a394d07ba01c1d73
      size: 894
    outs:
    - path: artifacts/data_ingestion/Chicken-fecal-images
      hash: md5
      md5: 9e1f8dd2eae3c29e9d635df89d438ae4.dir
      size: 12207807
      nfiles: 390
  prepare_base_model:
    cmd: python src/cnnClassifier/pipeline/stage_02_prepare_base_model.py
    deps:
    - path: config/config.yaml
      hash: md5
      md5: c5006b6b4bca3cdee7cefa58e6733a6f
      size: 806
    - path: src/cnnClassifier/pipeline/stage_02_prepare_base_model.py
      hash: md5
      md5: a48d9bd06c05850216f20f60bb082701
      size: 982
    params:
      params.yaml:
        CLASSES: 2
        IMAGE_SIZE:
        - 224
        - 224
        - 3
        INCLUDE_TOP: false
        LEARNING_RATE: 0.01
        WEIGHTS: imagenet
    outs:
    - path: artifacts/prepare_base_model
      hash: md5
      md5: 5c77a1783dcad011cceafd095756369f.dir
      size: 118059248
      nfiles: 2
  training:
    cmd: python src/cnnClassifier/pipeline/stage_03_training.py
    deps:
    - path: artifacts/data_ingestion/Chicken-fecal-images
      hash: md5
      md5: 9e1f8dd2eae3c29e9d635df89d438ae4.dir
      size: 12207807
      nfiles: 390
    - path: artifacts/prepare_base_model
      hash: md5
      md5: 5c77a1783dcad011cceafd095756369f.dir
      size: 118059248
      nfiles: 2
    - path: config/config.yaml
      hash: md5
      md5: c5006b6b4bca3cdee7cefa58e6733a6f
      size: 806
    - path: src/cnnClassifier/components/prepare_callbacks.py
      hash: md5
      md5: 0723bd03a7492870e46af3b491f0b815
      size: 976
    - path: src/cnnClassifier/pipeline/stage_03_training.py
      hash: md5
      md5: 023e272384ab6fc4f99f879bc583ebe2
      size: 1228
    params:
      params.yaml:
        AUGMENTATION: true
        BATCH_SIZE: 16
        EPOCHS: 1
        IMAGE_SIZE:
        - 224
        - 224
        - 3
    outs:
    - path: artifacts/training/model.h5
      hash: md5
      md5: 7fc3531790c01275422c757d7a5c2393
      size: 59340720
  evaluation:
    cmd: python src/cnnClassifier/pipeline/stage_04_evaluation.py
    deps:
    - path: artifacts/data_ingestion/Chicken-fecal-images
      hash: md5
      md5: 9e1f8dd2eae3c29e9d635df89d438ae4.dir
      size: 12207807
      nfiles: 390
    - path: artifacts/training/model.h5
      hash: md5
      md5: 7fc3531790c01275422c757d7a5c2393
      size: 59340720
    - path: config/config.yaml
      hash: md5
      md5: c5006b6b4bca3cdee7cefa58e6733a6f
      size: 806
    - path: src/cnnClassifier/pipeline/stage_04_evaluation.py
      hash: md5
      md5: a1eefc0cef525ea07f0cbccb6941df02
      size: 857
    params:
      params.yaml:
        BATCH_SIZE: 16
        IMAGE_SIZE:
        - 224
        - 224
        - 3
    outs:
    - path: scores.json
      hash: md5
      md5: 86066f0e84bb5c886aa284933879ed6b
      size: 55
