schema: '2.0'
stages:
  data_ingestion:
    cmd: python src/cnnClassifier/pipeline/stage_01_data_ingestion.py
    deps:
    - path: config/config.yaml
      hash: md5
      md5: c5006b6b4bca3cdee7cefa58e6733a6f
      size: 806
    - path: src/cnnClassifier/pipeline/stage_01_data_ingestion.py
      hash: md5
      md5: 31498255850545096c1dd44111ba1756
      size: 1662
    outs:
    - path: artifacts/data_ingestion/Chicken-fecal-images
      hash: md5
      md5: 9e1f8dd2eae3c29e9d635df89d438ae4.dir
      size: 12207807
      nfiles: 390
  prepare_base_model:
    cmd: python src/cnnClassifier/pipeline/stage_02_prepare_base_model.py
    deps:
    - path: config/config.yaml
      hash: md5
      md5: c5006b6b4bca3cdee7cefa58e6733a6f
      size: 806
    - path: src/cnnClassifier/pipeline/stage_02_prepare_base_model.py
      hash: md5
      md5: 8232912de0edc12cfa2f70a1cfa4a350
      size: 1750
    params:
      params.yaml:
        CLASSES: 2
        IMAGE_SIZE:
        - 224
        - 224
        - 3
        INCLUDE_TOP: false
        LEARNING_RATE: 0.01
        WEIGHTS: imagenet
    outs:
    - path: artifacts/prepare_base_model
      hash: md5
      md5: 3818863cd47db1938a0e6b22b879cfa1.dir
      size: 118059248
      nfiles: 2
  training:
    cmd: python src/cnnClassifier/pipeline/stage_03_training.py
    deps:
    - path: artifacts/data_ingestion/Chicken-fecal-images
      hash: md5
      md5: 9e1f8dd2eae3c29e9d635df89d438ae4.dir
      size: 12207807
      nfiles: 390
    - path: artifacts/prepare_base_model
      hash: md5
      md5: 3818863cd47db1938a0e6b22b879cfa1.dir
      size: 118059248
      nfiles: 2
    - path: config/config.yaml
      hash: md5
      md5: c5006b6b4bca3cdee7cefa58e6733a6f
      size: 806
    - path: src/cnnClassifier/components/prepare_callbacks.py
      hash: md5
      md5: dcd0cec18ac8c1476e36cf19e594914c
      size: 2535
    - path: src/cnnClassifier/pipeline/stage_03_training.py
      hash: md5
      md5: 542844e7252d2bc86e99bbf891a32fa1
      size: 2051
    params:
      params.yaml:
        AUGMENTATION: true
        BATCH_SIZE: 20
        EPOCHS: 6
        IMAGE_SIZE:
        - 224
        - 224
        - 3
    outs:
    - path: artifacts/training/model.h5
      hash: md5
      md5: dee0d513da09e49ff04a24f8ff612f1c
      size: 59340720
  evaluation:
    cmd: python src/cnnClassifier/pipeline/stage_04_evaluation.py
    deps:
    - path: artifacts/data_ingestion/Chicken-fecal-images
      hash: md5
      md5: 9e1f8dd2eae3c29e9d635df89d438ae4.dir
      size: 12207807
      nfiles: 390
    - path: artifacts/training/model.h5
      hash: md5
      md5: dee0d513da09e49ff04a24f8ff612f1c
      size: 59340720
    - path: config/config.yaml
      hash: md5
      md5: c5006b6b4bca3cdee7cefa58e6733a6f
      size: 806
    - path: src/cnnClassifier/pipeline/stage_04_evaluation.py
      hash: md5
      md5: 1067c9c92665dfcc7ed50af97f824ae9
      size: 1710
    params:
      params.yaml:
        BATCH_SIZE: 20
        IMAGE_SIZE:
        - 224
        - 224
        - 3
    outs:
    - path: scores.json
      hash: md5
      md5: 5833b54238b28596d3a21fb55a21eef4
      size: 70
